// !$*UTF8*$!
{
	archiveVersion = 1;
	classes = {
	};
	objectVersion = 52;
	objects = {

/* Begin PBXBuildFile section */
		A81D49B726B223F100122C4B /* GithubApiTestSampleApp.swift in Sources */ = {isa = PBXBuildFile; fileRef = A81D49B626B223F100122C4B /* GithubApiTestSampleApp.swift */; };
		A81D49B926B223F100122C4B /* ContentView.swift in Sources */ = {isa = PBXBuildFile; fileRef = A81D49B826B223F100122C4B /* ContentView.swift */; };
		A81D49BB26B223F200122C4B /* Assets.xcassets in Resources */ = {isa = PBXBuildFile; fileRef = A81D49BA26B223F200122C4B /* Assets.xcassets */; };
		A81D49BE26B223F200122C4B /* Preview Assets.xcassets in Resources */ = {isa = PBXBuildFile; fileRef = A81D49BD26B223F200122C4B /* Preview Assets.xcassets */; };
		A81D49C926B223F200122C4B /* GithubApiTestSampleTests.swift in Sources */ = {isa = PBXBuildFile; fileRef = A81D49C826B223F200122C4B /* GithubApiTestSampleTests.swift */; };
		A81D49D426B223F200122C4B /* GithubApiTestSampleUITests.swift in Sources */ = {isa = PBXBuildFile; fileRef = A81D49D326B223F200122C4B /* GithubApiTestSampleUITests.swift */; };
		A81D49E726B225BF00122C4B /* ViewInspector in Frameworks */ = {isa = PBXBuildFile; productRef = A81D49E626B225BF00122C4B /* ViewInspector */; };
		A81D49E926B228CC00122C4B /* SearchRepositoryResponse.swift in Sources */ = {isa = PBXBuildFile; fileRef = A81D49E826B228CC00122C4B /* SearchRepositoryResponse.swift */; };
		A81D49EC26B22BBD00122C4B /* search_repositories.json in Resources */ = {isa = PBXBuildFile; fileRef = A81D49EB26B22BBD00122C4B /* search_repositories.json */; };
		A81D49EE26B2300D00122C4B /* ApiClient.swift in Sources */ = {isa = PBXBuildFile; fileRef = A81D49ED26B2300D00122C4B /* ApiClient.swift */; };
		A81D49F126B23A6100122C4B /* OHHTTPStubsSwift in Frameworks */ = {isa = PBXBuildFile; productRef = A81D49F026B23A6100122C4B /* OHHTTPStubsSwift */; };
		A829CF0D26B7A74000B9266F /* search_repositories_apple.json in Resources */ = {isa = PBXBuildFile; fileRef = A829CF0C26B7A74000B9266F /* search_repositories_apple.json */; };
		A829CF0F26B7AC9400B9266F /* RepositoryRow.swift in Sources */ = {isa = PBXBuildFile; fileRef = A829CF0E26B7AC9400B9266F /* RepositoryRow.swift */; };
		A829CF1226B7B13D00B9266F /* NukeUI in Frameworks */ = {isa = PBXBuildFile; productRef = A829CF1126B7B13D00B9266F /* NukeUI */; };
		A89D26CD26B3B73F0030C4EC /* ViewModel.swift in Sources */ = {isa = PBXBuildFile; fileRef = A89D26CC26B3B73F0030C4EC /* ViewModel.swift */; };
		A89D26CF26B3C86F0030C4EC /* StubApiClient.swift in Sources */ = {isa = PBXBuildFile; fileRef = A89D26CE26B3C86F0030C4EC /* StubApiClient.swift */; };
/* End PBXBuildFile section */

/* Begin PBXContainerItemProxy section */
		A81D49C526B223F200122C4B /* PBXContainerItemProxy */ = {
			isa = PBXContainerItemProxy;
			containerPortal = A81D49AB26B223F100122C4B /* Project object */;
			proxyType = 1;
			remoteGlobalIDString = A81D49B226B223F100122C4B;
			remoteInfo = GithubApiTestSample;
		};
		A81D49D026B223F200122C4B /* PBXContainerItemProxy */ = {
			isa = PBXContainerItemProxy;
			containerPortal = A81D49AB26B223F100122C4B /* Project object */;
			proxyType = 1;
			remoteGlobalIDString = A81D49B226B223F100122C4B;
			remoteInfo = GithubApiTestSample;
		};
/* End PBXContainerItemProxy section */

/* Begin PBXFileReference section */
		A81D49B326B223F100122C4B /* GithubApiTestSample.app */ = {isa = PBXFileReference; explicitFileType = wrapper.application; includeInIndex = 0; path = GithubApiTestSample.app; sourceTree = BUILT_PRODUCTS_DIR; };
		A81D49B626B223F100122C4B /* GithubApiTestSampleApp.swift */ = {isa = PBXFileReference; lastKnownFileType = sourcecode.swift; path = GithubApiTestSampleApp.swift; sourceTree = "<group>"; };
		A81D49B826B223F100122C4B /* ContentView.swift */ = {isa = PBXFileReference; lastKnownFileType = sourcecode.swift; path = ContentView.swift; sourceTree = "<group>"; };
		A81D49BA26B223F200122C4B /* Assets.xcassets */ = {isa = PBXFileReference; lastKnownFileType = folder.assetcatalog; path = Assets.xcassets; sourceTree = "<group>"; };
		A81D49BD26B223F200122C4B /* Preview Assets.xcassets */ = {isa = PBXFileReference; lastKnownFileType = folder.assetcatalog; path = "Preview Assets.xcassets"; sourceTree = "<group>"; };
		A81D49BF26B223F200122C4B /* Info.plist */ = {isa = PBXFileReference; lastKnownFileType = text.plist.xml; path = Info.plist; sourceTree = "<group>"; };
		A81D49C426B223F200122C4B /* GithubApiTestSampleTests.xctest */ = {isa = PBXFileReference; explicitFileType = wrapper.cfbundle; includeInIndex = 0; path = GithubApiTestSampleTests.xctest; sourceTree = BUILT_PRODUCTS_DIR; };
		A81D49C826B223F200122C4B /* GithubApiTestSampleTests.swift */ = {isa = PBXFileReference; lastKnownFileType = sourcecode.swift; path = GithubApiTestSampleTests.swift; sourceTree = "<group>"; };
		A81D49CA26B223F200122C4B /* Info.plist */ = {isa = PBXFileReference; lastKnownFileType = text.plist.xml; path = Info.plist; sourceTree = "<group>"; };
		A81D49CF26B223F200122C4B /* GithubApiTestSampleUITests.xctest */ = {isa = PBXFileReference; explicitFileType = wrapper.cfbundle; includeInIndex = 0; path = GithubApiTestSampleUITests.xctest; sourceTree = BUILT_PRODUCTS_DIR; };
		A81D49D326B223F200122C4B /* GithubApiTestSampleUITests.swift */ = {isa = PBXFileReference; lastKnownFileType = sourcecode.swift; path = GithubApiTestSampleUITests.swift; sourceTree = "<group>"; };
		A81D49D526B223F200122C4B /* Info.plist */ = {isa = PBXFileReference; lastKnownFileType = text.plist.xml; path = Info.plist; sourceTree = "<group>"; };
		A81D49E126B2252700122C4B /* README.md */ = {isa = PBXFileReference; lastKnownFileType = net.daringfireball.markdown; path = README.md; sourceTree = "<group>"; };
		A81D49E826B228CC00122C4B /* SearchRepositoryResponse.swift */ = {isa = PBXFileReference; lastKnownFileType = sourcecode.swift; path = SearchRepositoryResponse.swift; sourceTree = "<group>"; };
		A81D49EB26B22BBD00122C4B /* search_repositories.json */ = {isa = PBXFileReference; lastKnownFileType = text.json; path = search_repositories.json; sourceTree = "<group>"; };
		A81D49ED26B2300D00122C4B /* ApiClient.swift */ = {isa = PBXFileReference; lastKnownFileType = sourcecode.swift; path = ApiClient.swift; sourceTree = "<group>"; };
		A829CF0C26B7A74000B9266F /* search_repositories_apple.json */ = {isa = PBXFileReference; lastKnownFileType = text.json; path = search_repositories_apple.json; sourceTree = "<group>"; };
		A829CF0E26B7AC9400B9266F /* RepositoryRow.swift */ = {isa = PBXFileReference; lastKnownFileType = sourcecode.swift; path = RepositoryRow.swift; sourceTree = "<group>"; };
		A89D26CC26B3B73F0030C4EC /* ViewModel.swift */ = {isa = PBXFileReference; lastKnownFileType = sourcecode.swift; path = ViewModel.swift; sourceTree = "<group>"; };
		A89D26CE26B3C86F0030C4EC /* StubApiClient.swift */ = {isa = PBXFileReference; lastKnownFileType = sourcecode.swift; path = StubApiClient.swift; sourceTree = "<group>"; };
/* End PBXFileReference section */

/* Begin PBXFrameworksBuildPhase section */
		A81D49B026B223F100122C4B /* Frameworks */ = {
			isa = PBXFrameworksBuildPhase;
			buildActionMask = 2147483647;
			files = (
				A829CF1226B7B13D00B9266F /* NukeUI in Frameworks */,
			);
			runOnlyForDeploymentPostprocessing = 0;
		};
		A81D49C126B223F200122C4B /* Frameworks */ = {
			isa = PBXFrameworksBuildPhase;
			buildActionMask = 2147483647;
			files = (
				A81D49E726B225BF00122C4B /* ViewInspector in Frameworks */,
				A81D49F126B23A6100122C4B /* OHHTTPStubsSwift in Frameworks */,
			);
			runOnlyForDeploymentPostprocessing = 0;
		};
		A81D49CC26B223F200122C4B /* Frameworks */ = {
			isa = PBXFrameworksBuildPhase;
			buildActionMask = 2147483647;
			files = (
			);
			runOnlyForDeploymentPostprocessing = 0;
		};
/* End PBXFrameworksBuildPhase section */

/* Begin PBXGroup section */
		A81D49AA26B223F100122C4B = {
			isa = PBXGroup;
			children = (
				A81D49E126B2252700122C4B /* README.md */,
				A81D49B526B223F100122C4B /* GithubApiTestSample */,
				A81D49C726B223F200122C4B /* GithubApiTestSampleTests */,
				A81D49D226B223F200122C4B /* GithubApiTestSampleUITests */,
				A81D49B426B223F100122C4B /* Products */,
			);
			sourceTree = "<group>";
		};
		A81D49B426B223F100122C4B /* Products */ = {
			isa = PBXGroup;
			children = (
				A81D49B326B223F100122C4B /* GithubApiTestSample.app */,
				A81D49C426B223F200122C4B /* GithubApiTestSampleTests.xctest */,
				A81D49CF26B223F200122C4B /* GithubApiTestSampleUITests.xctest */,
			);
			name = Products;
			sourceTree = "<group>";
		};
		A81D49B526B223F100122C4B /* GithubApiTestSample */ = {
			isa = PBXGroup;
			children = (
				A81D49B626B223F100122C4B /* GithubApiTestSampleApp.swift */,
				A81D49B826B223F100122C4B /* ContentView.swift */,
				A829CF0E26B7AC9400B9266F /* RepositoryRow.swift */,
				A89D26CC26B3B73F0030C4EC /* ViewModel.swift */,
				A81D49ED26B2300D00122C4B /* ApiClient.swift */,
				A81D49E826B228CC00122C4B /* SearchRepositoryResponse.swift */,
				A81D49BA26B223F200122C4B /* Assets.xcassets */,
				A81D49BF26B223F200122C4B /* Info.plist */,
				A81D49BC26B223F200122C4B /* Preview Content */,
			);
			path = GithubApiTestSample;
			sourceTree = "<group>";
		};
		A81D49BC26B223F200122C4B /* Preview Content */ = {
			isa = PBXGroup;
			children = (
				A81D49BD26B223F200122C4B /* Preview Assets.xcassets */,
			);
			path = "Preview Content";
			sourceTree = "<group>";
		};
		A81D49C726B223F200122C4B /* GithubApiTestSampleTests */ = {
			isa = PBXGroup;
			children = (
				A81D49C826B223F200122C4B /* GithubApiTestSampleTests.swift */,
				A89D26CE26B3C86F0030C4EC /* StubApiClient.swift */,
				A81D49EA26B22B9B00122C4B /* Files */,
				A81D49CA26B223F200122C4B /* Info.plist */,
			);
			path = GithubApiTestSampleTests;
			sourceTree = "<group>";
		};
		A81D49D226B223F200122C4B /* GithubApiTestSampleUITests */ = {
			isa = PBXGroup;
			children = (
				A81D49D326B223F200122C4B /* GithubApiTestSampleUITests.swift */,
				A81D49D526B223F200122C4B /* Info.plist */,
			);
			path = GithubApiTestSampleUITests;
			sourceTree = "<group>";
		};
		A81D49EA26B22B9B00122C4B /* Files */ = {
			isa = PBXGroup;
			children = (
				A81D49EB26B22BBD00122C4B /* search_repositories.json */,
				A829CF0C26B7A74000B9266F /* search_repositories_apple.json */,
			);
			path = Files;
			sourceTree = "<group>";
		};
/* End PBXGroup section */

/* Begin PBXNativeTarget section */
		A81D49B226B223F100122C4B /* GithubApiTestSample */ = {
			isa = PBXNativeTarget;
			buildConfigurationList = A81D49D826B223F200122C4B /* Build configuration list for PBXNativeTarget "GithubApiTestSample" */;
			buildPhases = (
				A81D49AF26B223F100122C4B /* Sources */,
				A81D49B026B223F100122C4B /* Frameworks */,
				A81D49B126B223F100122C4B /* Resources */,
			);
			buildRules = (
			);
			dependencies = (
			);
			name = GithubApiTestSample;
			packageProductDependencies = (
				A829CF1126B7B13D00B9266F /* NukeUI */,
			);
			productName = GithubApiTestSample;
			productReference = A81D49B326B223F100122C4B /* GithubApiTestSample.app */;
			productType = "com.apple.product-type.application";
		};
		A81D49C326B223F200122C4B /* GithubApiTestSampleTests */ = {
			isa = PBXNativeTarget;
			buildConfigurationList = A81D49DB26B223F200122C4B /* Build configuration list for PBXNativeTarget "GithubApiTestSampleTests" */;
			buildPhases = (
				A81D49C026B223F200122C4B /* Sources */,
				A81D49C126B223F200122C4B /* Frameworks */,
				A81D49C226B223F200122C4B /* Resources */,
			);
			buildRules = (
			);
			dependencies = (
				A81D49C626B223F200122C4B /* PBXTargetDependency */,
			);
			name = GithubApiTestSampleTests;
			packageProductDependencies = (
				A81D49E626B225BF00122C4B /* ViewInspector */,
				A81D49F026B23A6100122C4B /* OHHTTPStubsSwift */,
			);
			productName = GithubApiTestSampleTests;
			productReference = A81D49C426B223F200122C4B /* GithubApiTestSampleTests.xctest */;
			productType = "com.apple.product-type.bundle.unit-test";
		};
		A81D49CE26B223F200122C4B /* GithubApiTestSampleUITests */ = {
			isa = PBXNativeTarget;
			buildConfigurationList = A81D49DE26B223F200122C4B /* Build configuration list for PBXNativeTarget "GithubApiTestSampleUITests" */;
			buildPhases = (
				A81D49CB26B223F200122C4B /* Sources */,
				A81D49CC26B223F200122C4B /* Frameworks */,
				A81D49CD26B223F200122C4B /* Resources */,
			);
			buildRules = (
			);
			dependencies = (
				A81D49D126B223F200122C4B /* PBXTargetDependency */,
			);
			name = GithubApiTestSampleUITests;
			productName = GithubApiTestSampleUITests;
			productReference = A81D49CF26B223F200122C4B /* GithubApiTestSampleUITests.xctest */;
			productType = "com.apple.product-type.bundle.ui-testing";
		};
/* End PBXNativeTarget section */

/* Begin PBXProject section */
		A81D49AB26B223F100122C4B /* Project object */ = {
			isa = PBXProject;
			attributes = {
				LastSwiftUpdateCheck = 1250;
				LastUpgradeCheck = 1250;
				TargetAttributes = {
					A81D49B226B223F100122C4B = {
						CreatedOnToolsVersion = 12.5.1;
					};
					A81D49C326B223F200122C4B = {
						CreatedOnToolsVersion = 12.5.1;
						TestTargetID = A81D49B226B223F100122C4B;
					};
					A81D49CE26B223F200122C4B = {
						CreatedOnToolsVersion = 12.5.1;
						TestTargetID = A81D49B226B223F100122C4B;
					};
				};
			};
			buildConfigurationList = A81D49AE26B223F100122C4B /* Build configuration list for PBXProject "GithubApiTestSample" */;
			compatibilityVersion = "Xcode 9.3";
			developmentRegion = en;
			hasScannedForEncodings = 0;
			knownRegions = (
				en,
				Base,
			);
			mainGroup = A81D49AA26B223F100122C4B;
			packageReferences = (
				A81D49E526B225BF00122C4B /* XCRemoteSwiftPackageReference "ViewInspector" */,
				A81D49EF26B23A6100122C4B /* XCRemoteSwiftPackageReference "OHHTTPStubs" */,
				A829CF1026B7B13D00B9266F /* XCRemoteSwiftPackageReference "NukeUI" */,
			);
			productRefGroup = A81D49B426B223F100122C4B /* Products */;
			projectDirPath = "";
			projectRoot = "";
			targets = (
				A81D49B226B223F100122C4B /* GithubApiTestSample */,
				A81D49C326B223F200122C4B /* GithubApiTestSampleTests */,
				A81D49CE26B223F200122C4B /* GithubApiTestSampleUITests */,
			);
		};
/* End PBXProject section */

/* Begin PBXResourcesBuildPhase section */
		A81D49B126B223F100122C4B /* Resources */ = {
			isa = PBXResourcesBuildPhase;
			buildActionMask = 2147483647;
			files = (
				A81D49BE26B223F200122C4B /* Preview Assets.xcassets in Resources */,
				A81D49BB26B223F200122C4B /* Assets.xcassets in Resources */,
			);
			runOnlyForDeploymentPostprocessing = 0;
		};
		A81D49C226B223F200122C4B /* Resources */ = {
			isa = PBXResourcesBuildPhase;
			buildActionMask = 2147483647;
			files = (
				A829CF0D26B7A74000B9266F /* search_repositories_apple.json in Resources */,
				A81D49EC26B22BBD00122C4B /* search_repositories.json in Resources */,
			);
			runOnlyForDeploymentPostprocessing = 0;
		};
		A81D49CD26B223F200122C4B /* Resources */ = {
			isa = PBXResourcesBuildPhase;
			buildActionMask = 2147483647;
			files = (
			);
			runOnlyForDeploymentPostprocessing = 0;
		};
/* End PBXResourcesBuildPhase section */

/* Begin PBXSourcesBuildPhase section */
		A81D49AF26B223F100122C4B /* Sources */ = {
			isa = PBXSourcesBuildPhase;
			buildActionMask = 2147483647;
			files = (
				A829CF0F26B7AC9400B9266F /* RepositoryRow.swift in Sources */,
				A89D26CD26B3B73F0030C4EC /* ViewModel.swift in Sources */,
				A81D49E926B228CC00122C4B /* SearchRepositoryResponse.swift in Sources */,
				A81D49B926B223F100122C4B /* ContentView.swift in Sources */,
				A81D49B726B223F100122C4B /* GithubApiTestSampleApp.swift in Sources */,
				A81D49EE26B2300D00122C4B /* ApiClient.swift in Sources */,
			);
			runOnlyForDeploymentPostprocessing = 0;
		};
		A81D49C026B223F200122C4B /* Sources */ = {
			isa = PBXSourcesBuildPhase;
			buildActionMask = 2147483647;
			files = (
				A81D49C926B223F200122C4B /* GithubApiTestSampleTests.swift in Sources */,
				A89D26CF26B3C86F0030C4EC /* StubApiClient.swift in Sources */,
			);
			runOnlyForDeploymentPostprocessing = 0;
		};
		A81D49CB26B223F200122C4B /* Sources */ = {
			isa = PBXSourcesBuildPhase;
			buildActionMask = 2147483647;
			files = (
				A81D49D426B223F200122C4B /* GithubApiTestSampleUITests.swift in Sources */,
			);
			runOnlyForDeploymentPostprocessing = 0;
		};
/* End PBXSourcesBuildPhase section */

/* Begin PBXTargetDependency section */
		A81D49C626B223F200122C4B /* PBXTargetDependency */ = {
			isa = PBXTargetDependency;
			target = A81D49B226B223F100122C4B /* GithubApiTestSample */;
			targetProxy = A81D49C526B223F200122C4B /* PBXContainerItemProxy */;
		};
		A81D49D126B223F200122C4B /* PBXTargetDependency */ = {
			isa = PBXTargetDependency;
			target = A81D49B226B223F100122C4B /* GithubApiTestSample */;
			targetProxy = A81D49D026B223F200122C4B /* PBXContainerItemProxy */;
		};
/* End PBXTargetDependency section */

/* Begin XCBuildConfiguration section */
		A81D49D626B223F200122C4B /* Debug */ = {
			isa = XCBuildConfiguration;
			buildSettings = {
				ALWAYS_SEARCH_USER_PATHS = NO;
				CLANG_ANALYZER_NONNULL = YES;
				CLANG_ANALYZER_NUMBER_OBJECT_CONVERSION = YES_AGGRESSIVE;
				CLANG_CXX_LANGUAGE_STANDARD = "gnu++14";
				CLANG_CXX_LIBRARY = "libc++";
				CLANG_ENABLE_MODULES = YES;
				CLANG_ENABLE_OBJC_ARC = YES;
				CLANG_ENABLE_OBJC_WEAK = YES;
				CLANG_WARN_BLOCK_CAPTURE_AUTORELEASING = YES;
				CLANG_WARN_BOOL_CONVERSION = YES;
				CLANG_WARN_COMMA = YES;
				CLANG_WARN_CONSTANT_CONVERSION = YES;
				CLANG_WARN_DEPRECATED_OBJC_IMPLEMENTATIONS = YES;
				CLANG_WARN_DIRECT_OBJC_ISA_USAGE = YES_ERROR;
				CLANG_WARN_DOCUMENTATION_COMMENTS = YES;
				CLANG_WARN_EMPTY_BODY = YES;
				CLANG_WARN_ENUM_CONVERSION = YES;
				CLANG_WARN_INFINITE_RECURSION = YES;
				CLANG_WARN_INT_CONVERSION = YES;
				CLANG_WARN_NON_LITERAL_NULL_CONVERSION = YES;
				CLANG_WARN_OBJC_IMPLICIT_RETAIN_SELF = YES;
				CLANG_WARN_OBJC_LITERAL_CONVERSION = YES;
				CLANG_WARN_OBJC_ROOT_CLASS = YES_ERROR;
				CLANG_WARN_QUOTED_INCLUDE_IN_FRAMEWORK_HEADER = YES;
				CLANG_WARN_RANGE_LOOP_ANALYSIS = YES;
				CLANG_WARN_STRICT_PROTOTYPES = YES;
				CLANG_WARN_SUSPICIOUS_MOVE = YES;
				CLANG_WARN_UNGUARDED_AVAILABILITY = YES_AGGRESSIVE;
				CLANG_WARN_UNREACHABLE_CODE = YES;
				CLANG_WARN__DUPLICATE_METHOD_MATCH = YES;
				COPY_PHASE_STRIP = NO;
				DEBUG_INFORMATION_FORMAT = dwarf;
				ENABLE_STRICT_OBJC_MSGSEND = YES;
				ENABLE_TESTABILITY = YES;
				GCC_C_LANGUAGE_STANDARD = gnu11;
				GCC_DYNAMIC_NO_PIC = NO;
				GCC_NO_COMMON_BLOCKS = YES;
				GCC_OPTIMIZATION_LEVEL = 0;
				GCC_PREPROCESSOR_DEFINITIONS = (
					"DEBUG=1",
					"$(inherited)",
				);
				GCC_WARN_64_TO_32_BIT_CONVERSION = YES;
				GCC_WARN_ABOUT_RETURN_TYPE = YES_ERROR;
				GCC_WARN_UNDECLARED_SELECTOR = YES;
				GCC_WARN_UNINITIALIZED_AUTOS = YES_AGGRESSIVE;
				GCC_WARN_UNUSED_FUNCTION = YES;
				GCC_WARN_UNUSED_VARIABLE = YES;
				IPHONEOS_DEPLOYMENT_TARGET = 14.5;
				MTL_ENABLE_DEBUG_INFO = INCLUDE_SOURCE;
				MTL_FAST_MATH = YES;
				ONLY_ACTIVE_ARCH = YES;
				SDKROOT = iphoneos;
				SWIFT_ACTIVE_COMPILATION_CONDITIONS = DEBUG;
				SWIFT_OPTIMIZATION_LEVEL = "-Onone";
			};
			name = Debug;
		};
		A81D49D726B223F200122C4B /* Release */ = {
			isa = XCBuildConfiguration;
			buildSettings = {
				ALWAYS_SEARCH_USER_PATHS = NO;
				CLANG_ANALYZER_NONNULL = YES;
				CLANG_ANALYZER_NUMBER_OBJECT_CONVERSION = YES_AGGRESSIVE;
				CLANG_CXX_LANGUAGE_STANDARD = "gnu++14";
				CLANG_CXX_LIBRARY = "libc++";
				CLANG_ENABLE_MODULES = YES;
				CLANG_ENABLE_OBJC_ARC = YES;
				CLANG_ENABLE_OBJC_WEAK = YES;
				CLANG_WARN_BLOCK_CAPTURE_AUTORELEASING = YES;
				CLANG_WARN_BOOL_CONVERSION = YES;
				CLANG_WARN_COMMA = YES;
				CLANG_WARN_CONSTANT_CONVERSION = YES;
				CLANG_WARN_DEPRECATED_OBJC_IMPLEMENTATIONS = YES;
				CLANG_WARN_DIRECT_OBJC_ISA_USAGE = YES_ERROR;
				CLANG_WARN_DOCUMENTATION_COMMENTS = YES;
				CLANG_WARN_EMPTY_BODY = YES;
				CLANG_WARN_ENUM_CONVERSION = YES;
				CLANG_WARN_INFINITE_RECURSION = YES;
				CLANG_WARN_INT_CONVERSION = YES;
				CLANG_WARN_NON_LITERAL_NULL_CONVERSION = YES;
				CLANG_WARN_OBJC_IMPLICIT_RETAIN_SELF = YES;
				CLANG_WARN_OBJC_LITERAL_CONVERSION = YES;
				CLANG_WARN_OBJC_ROOT_CLASS = YES_ERROR;
				CLANG_WARN_QUOTED_INCLUDE_IN_FRAMEWORK_HEADER = YES;
				CLANG_WARN_RANGE_LOOP_ANALYSIS = YES;
				CLANG_WARN_STRICT_PROTOTYPES = YES;
				CLANG_WARN_SUSPICIOUS_MOVE = YES;
				CLANG_WARN_UNGUARDED_AVAILABILITY = YES_AGGRESSIVE;
				CLANG_WARN_UNREACHABLE_CODE = YES;
				CLANG_WARN__DUPLICATE_METHOD_MATCH = YES;
				COPY_PHASE_STRIP = NO;
				DEBUG_INFORMATION_FORMAT = "dwarf-with-dsym";
				ENABLE_NS_ASSERTIONS = NO;
				ENABLE_STRICT_OBJC_MSGSEND = YES;
				GCC_C_LANGUAGE_STANDARD = gnu11;
				GCC_NO_COMMON_BLOCKS = YES;
				GCC_WARN_64_TO_32_BIT_CONVERSION = YES;
				GCC_WARN_ABOUT_RETURN_TYPE = YES_ERROR;
				GCC_WARN_UNDECLARED_SELECTOR = YES;
				GCC_WARN_UNINITIALIZED_AUTOS = YES_AGGRESSIVE;
				GCC_WARN_UNUSED_FUNCTION = YES;
				GCC_WARN_UNUSED_VARIABLE = YES;
				IPHONEOS_DEPLOYMENT_TARGET = 14.5;
				MTL_ENABLE_DEBUG_INFO = NO;
				MTL_FAST_MATH = YES;
				SDKROOT = iphoneos;
				SWIFT_COMPILATION_MODE = wholemodule;
				SWIFT_OPTIMIZATION_LEVEL = "-O";
				VALIDATE_PRODUCT = YES;
			};
			name = Release;
		};
		A81D49D926B223F200122C4B /* Debug */ = {
			isa = XCBuildConfiguration;
			buildSettings = {
				ASSETCATALOG_COMPILER_APPICON_NAME = AppIcon;
				ASSETCATALOG_COMPILER_GLOBAL_ACCENT_COLOR_NAME = AccentColor;
				CODE_SIGN_STYLE = Automatic;
				DEVELOPMENT_ASSET_PATHS = "\"GithubApiTestSample/Preview Content\"";
				ENABLE_PREVIEWS = YES;
				INFOPLIST_FILE = GithubApiTestSample/Info.plist;
				IPHONEOS_DEPLOYMENT_TARGET = 14.0;
				LD_RUNPATH_SEARCH_PATHS = (
					"$(inherited)",
					"@executable_path/Frameworks",
				);
				PRODUCT_BUNDLE_IDENTIFIER = biz.usk.GithubApiTestSample;
				PRODUCT_NAME = "$(TARGET_NAME)";
				SWIFT_VERSION = 5.0;
				TARGETED_DEVICE_FAMILY = "1,2";
			};
			name = Debug;
		};
		A81D49DA26B223F200122C4B /* Release */ = {
			isa = XCBuildConfiguration;
			buildSettings = {
				ASSETCATALOG_COMPILER_APPICON_NAME = AppIcon;
				ASSETCATALOG_COMPILER_GLOBAL_ACCENT_COLOR_NAME = AccentColor;
				CODE_SIGN_STYLE = Automatic;
				DEVELOPMENT_ASSET_PATHS = "\"GithubApiTestSample/Preview Content\"";
				ENABLE_PREVIEWS = YES;
				INFOPLIST_FILE = GithubApiTestSample/Info.plist;
				IPHONEOS_DEPLOYMENT_TARGET = 14.0;
				LD_RUNPATH_SEARCH_PATHS = (
					"$(inherited)",
					"@executable_path/Frameworks",
				);
				PRODUCT_BUNDLE_IDENTIFIER = biz.usk.GithubApiTestSample;
				PRODUCT_NAME = "$(TARGET_NAME)";
				SWIFT_VERSION = 5.0;
				TARGETED_DEVICE_FAMILY = "1,2";
			};
			name = Release;
		};
		A81D49DC26B223F200122C4B /* Debug */ = {
			isa = XCBuildConfiguration;
			buildSettings = {
				ALWAYS_EMBED_SWIFT_STANDARD_LIBRARIES = YES;
				BUNDLE_LOADER = "$(TEST_HOST)";
				CODE_SIGN_STYLE = Automatic;
				INFOPLIST_FILE = GithubApiTestSampleTests/Info.plist;
				IPHONEOS_DEPLOYMENT_TARGET = 14.0;
				LD_RUNPATH_SEARCH_PATHS = (
					"$(inherited)",
					"@executable_path/Frameworks",
					"@loader_path/Frameworks",
				);
				PRODUCT_BUNDLE_IDENTIFIER = biz.usk.GithubApiTestSampleTests;
				PRODUCT_NAME = "$(TARGET_NAME)";
				SWIFT_VERSION = 5.0;
				TARGETED_DEVICE_FAMILY = "1,2";
				TEST_HOST = "$(BUILT_PRODUCTS_DIR)/GithubApiTestSample.app/GithubApiTestSample";
			};
			name = Debug;
		};
		A81D49DD26B223F200122C4B /* Release */ = {
			isa = XCBuildConfiguration;
			buildSettings = {
				ALWAYS_EMBED_SWIFT_STANDARD_LIBRARIES = YES;
				BUNDLE_LOADER = "$(TEST_HOST)";
				CODE_SIGN_STYLE = Automatic;
				INFOPLIST_FILE = GithubApiTestSampleTests/Info.plist;
				IPHONEOS_DEPLOYMENT_TARGET = 14.0;
				LD_RUNPATH_SEARCH_PATHS = (
					"$(inherited)",
					"@executable_path/Frameworks",
					"@loader_path/Frameworks",
				);
				PRODUCT_BUNDLE_IDENTIFIER = biz.usk.GithubApiTestSampleTests;
				PRODUCT_NAME = "$(TARGET_NAME)";
				SWIFT_VERSION = 5.0;
				TARGETED_DEVICE_FAMILY = "1,2";
				TEST_HOST = "$(BUILT_PRODUCTS_DIR)/GithubApiTestSample.app/GithubApiTestSample";
			};
			name = Release;
		};
		A81D49DF26B223F200122C4B /* Debug */ = {
			isa = XCBuildConfiguration;
			buildSettings = {
				ALWAYS_EMBED_SWIFT_STANDARD_LIBRARIES = YES;
				CODE_SIGN_STYLE = Automatic;
				INFOPLIST_FILE = GithubApiTestSampleUITests/Info.plist;
				LD_RUNPATH_SEARCH_PATHS = (
					"$(inherited)",
					"@executable_path/Frameworks",
					"@loader_path/Frameworks",
				);
				PRODUCT_BUNDLE_IDENTIFIER = biz.usk.GithubApiTestSampleUITests;
				PRODUCT_NAME = "$(TARGET_NAME)";
				SWIFT_VERSION = 5.0;
				TARGETED_DEVICE_FAMILY = "1,2";
				TEST_TARGET_NAME = GithubApiTestSample;
			};
			name = Debug;
		};
		A81D49E026B223F200122C4B /* Release */ = {
			isa = XCBuildConfiguration;
			buildSettings = {
				ALWAYS_EMBED_SWIFT_STANDARD_LIBRARIES = YES;
				CODE_SIGN_STYLE = Automatic;
				INFOPLIST_FILE = GithubApiTestSampleUITests/Info.plist;
				LD_RUNPATH_SEARCH_PATHS = (
					"$(inherited)",
					"@executable_path/Frameworks",
					"@loader_path/Frameworks",
				);
				PRODUCT_BUNDLE_IDENTIFIER = biz.usk.GithubApiTestSampleUITests;
				PRODUCT_NAME = "$(TARGET_NAME)";
				SWIFT_VERSION = 5.0;
				TARGETED_DEVICE_FAMILY = "1,2";
				TEST_TARGET_NAME = GithubApiTestSample;
			};
			name = Release;
		};
/* End XCBuildConfiguration section */

/* Begin XCConfigurationList section */
		A81D49AE26B223F100122C4B /* Build configuration list for PBXProject "GithubApiTestSample" */ = {
			isa = XCConfigurationList;
			buildConfigurations = (
				A81D49D626B223F200122C4B /* Debug */,
				A81D49D726B223F200122C4B /* Release */,
			);
			defaultConfigurationIsVisible = 0;
			defaultConfigurationName = Release;
		};
		A81D49D826B223F200122C4B /* Build configuration list for PBXNativeTarget "GithubApiTestSample" */ = {
			isa = XCConfigurationList;
			buildConfigurations = (
				A81D49D926B223F200122C4B /* Debug */,
				A81D49DA26B223F200122C4B /* Release */,
			);
			defaultConfigurationIsVisible = 0;
			defaultConfigurationName = Release;
		};
		A81D49DB26B223F200122C4B /* Build configuration list for PBXNativeTarget "GithubApiTestSampleTests" */ = {
			isa = XCConfigurationList;
			buildConfigurations = (
				A81D49DC26B223F200122C4B /* Debug */,
				A81D49DD26B223F200122C4B /* Release */,
			);
			defaultConfigurationIsVisible = 0;
			defaultConfigurationName = Release;
		};
		A81D49DE26B223F200122C4B /* Build configuration list for PBXNativeTarget "GithubApiTestSampleUITests" */ = {
			isa = XCConfigurationList;
			buildConfigurations = (
				A81D49DF26B223F200122C4B /* Debug */,
				A81D49E026B223F200122C4B /* Release */,
			);
			defaultConfigurationIsVisible = 0;
			defaultConfigurationName = Release;
		};
/* End XCConfigurationList section */

/* Begin XCRemoteSwiftPackageReference section */
		A81D49E526B225BF00122C4B /* XCRemoteSwiftPackageReference "ViewInspector" */ = {
			isa = XCRemoteSwiftPackageReference;
			repositoryURL = "https://github.com/nalexn/ViewInspector";
			requirement = {
				kind = upToNextMajorVersion;
				minimumVersion = 0.8.1;
			};
		};
		A81D49EF26B23A6100122C4B /* XCRemoteSwiftPackageReference "OHHTTPStubs" */ = {
			isa = XCRemoteSwiftPackageReference;
			repositoryURL = "https://github.com/AliSoftware/OHHTTPStubs";
			requirement = {
				kind = upToNextMajorVersion;
				minimumVersion = 9.1.0;
			};
		};
		A829CF1026B7B13D00B9266F /* XCRemoteSwiftPackageReference "NukeUI" */ = {
			isa = XCRemoteSwiftPackageReference;
			repositoryURL = "https://github.com/kean/NukeUI";
			requirement = {
				kind = upToNextMajorVersion;
				minimumVersion = 0.6.7;
			};
		};
/* End XCRemoteSwiftPackageReference section */

/* Begin XCSwiftPackageProductDependency section */
		A81D49E626B225BF00122C4B /* ViewInspector */ = {
			isa = XCSwiftPackageProductDependency;
			package = A81D49E526B225BF00122C4B /* XCRemoteSwiftPackageReference "ViewInspector" */;
			productName = ViewInspector;
		};
		A81D49F026B23A6100122C4B /* OHHTTPStubsSwift */ = {
			isa = XCSwiftPackageProductDependency;
			package = A81D49EF26B23A6100122C4B /* XCRemoteSwiftPackageReference "OHHTTPStubs" */;
			productName = OHHTTPStubsSwift;
		};
		A829CF1126B7B13D00B9266F /* NukeUI */ = {
			isa = XCSwiftPackageProductDependency;
			package = A829CF1026B7B13D00B9266F /* XCRemoteSwiftPackageReference "NukeUI" */;
			productName = NukeUI;
		};
/* End XCSwiftPackageProductDependency section */
	};
	rootObject = A81D49AB26B223F100122C4B /* Project object */;
}
